
Microsoft Visual Studio Solution File, Format Version 12.00
# Visual Studio Version 17
VisualStudioVersion = 17.10.35013.160
MinimumVisualStudioVersion = 10.0.40219.1
Project("{FAE04EC0-301F-11D3-BF4B-00C04F79EFBC}") = "VK Steam Test", "VK Steam Test.csproj", "{3742D99A-A5EB-4638-BA40-84152CDF366D}"
EndProject
Global
	GlobalSection(SolutionConfigurationPlatforms) = preSolution
		Debug|Any CPU = Debug|Any CPU
		Release|Any CPU = Release|Any CPU
	EndGlobalSection
	GlobalSection(ProjectConfigurationPlatforms) = postSolution
		{3742D99A-A5EB-4638-BA40-84152CDF366D}.Debug|Any CPU.ActiveCfg = Debug|Any CPU
		{3742D99A-A5EB-4638-BA40-84152CDF366D}.Debug|Any CPU.Build.0 = Debug|Any CPU
		{3742D99A-A5EB-4638-BA40-84152CDF366D}.Release|Any CPU.ActiveCfg = Release|Any CPU
		{3742D99A-A5EB-4638-BA40-84152CDF366D}.Release|Any CPU.Build.0 = Release|Any CPU
	EndGlobalSection
	GlobalSection(SolutionProperties) = preSolution
		HideSolutionNode = FALSE
	EndGlobalSection
	GlobalSection(ExtensibilityGlobals) = postSolution
		SolutionGuid = {BB9639BC-5B01-49D3-A68A-F33D2CE0C07F}
	EndGlobalSection
EndGlobal
